
Microsoft Visual Studio Solution File, Format Version 12.00
# Visual Studio 15
VisualStudioVersion = 15.0.27512.0
MinimumVisualStudioVersion = 10.0.40219.1
Project("{9A19103F-16F7-4668-BE54-9A1E7A4F7556}") = "Main", "Main\Main.csproj", "{7D3861C0-C8CC-4AF7-90AC-433866372FB8}"
EndProject
Project("{9A19103F-16F7-4668-BE54-9A1E7A4F7556}") = "Dll", "Dll\Dll.csproj", "{65027527-6A33-4A84-B63A-10D163156157}"
EndProject
Global
	GlobalSection(SolutionConfigurationPlatforms) = preSolution
		Debug|Any CPU = Debug|Any CPU
		Release|Any CPU = Release|Any CPU
	EndGlobalSection
	GlobalSection(ProjectConfigurationPlatforms) = postSolution
		{7D3861C0-C8CC-4AF7-90AC-433866372FB8}.Debug|Any CPU.ActiveCfg = Debug|Any CPU
		{7D3861C0-C8CC-4AF7-90AC-433866372FB8}.Debug|Any CPU.Build.0 = Debug|Any CPU
		{7D3861C0-C8CC-4AF7-90AC-433866372FB8}.Release|Any CPU.ActiveCfg = Release|Any CPU
		{7D3861C0-C8CC-4AF7-90AC-433866372FB8}.Release|Any CPU.Build.0 = Release|Any CPU
		{65027527-6A33-4A84-B63A-10D163156157}.Debug|Any CPU.ActiveCfg = Debug|Any CPU
		{65027527-6A33-4A84-B63A-10D163156157}.Debug|Any CPU.Build.0 = Debug|Any CPU
		{65027527-6A33-4A84-B63A-10D163156157}.Release|Any CPU.ActiveCfg = Release|Any CPU
		{65027527-6A33-4A84-B63A-10D163156157}.Release|Any CPU.Build.0 = Release|Any CPU
	EndGlobalSection
	GlobalSection(SolutionProperties) = preSolution
		HideSolutionNode = FALSE
	EndGlobalSection
	GlobalSection(ExtensibilityGlobals) = postSolution
		SolutionGuid = {09FF91ED-A0A7-44E5-813D-BA603FB0DD58}
	EndGlobalSection
EndGlobal
